
Microsoft Visual Studio Solution File, Format Version 12.00
# Visual Studio Version 17
VisualStudioVersion = 17.12.35707.178
MinimumVisualStudioVersion = 10.0.40219.1
Project("{FAE04EC0-301F-11D3-BF4B-00C04F79EFBC}") = "ZooHSE", "ZooHSE\ZooHSE.csproj", "{64688353-CAE6-49CE-A9C0-42A9F0E7CE49}"
EndProject
Project("{FAE04EC0-301F-11D3-BF4B-00C04F79EFBC}") = "WebApp", "WebApp\WebApp.csproj", "{04B8B3E9-F715-41C5-B13D-C788752EA381}"
EndProject
Project("{FAE04EC0-301F-11D3-BF4B-00C04F79EFBC}") = "WebTest", "WebTest\WebTest.csproj", "{F7DF557C-540F-4FE6-B4FD-4D85C3406C2D}"
EndProject
Global
	GlobalSection(SolutionConfigurationPlatforms) = preSolution
		Debug|Any CPU = Debug|Any CPU
		Release|Any CPU = Release|Any CPU
	EndGlobalSection
	GlobalSection(ProjectConfigurationPlatforms) = postSolution
		{64688353-CAE6-49CE-A9C0-42A9F0E7CE49}.Debug|Any CPU.ActiveCfg = Debug|Any CPU
		{64688353-CAE6-49CE-A9C0-42A9F0E7CE49}.Debug|Any CPU.Build.0 = Debug|Any CPU
		{64688353-CAE6-49CE-A9C0-42A9F0E7CE49}.Release|Any CPU.ActiveCfg = Release|Any CPU
		{64688353-CAE6-49CE-A9C0-42A9F0E7CE49}.Release|Any CPU.Build.0 = Release|Any CPU
		{04B8B3E9-F715-41C5-B13D-C788752EA381}.Debug|Any CPU.ActiveCfg = Debug|Any CPU
		{04B8B3E9-F715-41C5-B13D-C788752EA381}.Debug|Any CPU.Build.0 = Debug|Any CPU
		{04B8B3E9-F715-41C5-B13D-C788752EA381}.Release|Any CPU.ActiveCfg = Release|Any CPU
		{04B8B3E9-F715-41C5-B13D-C788752EA381}.Release|Any CPU.Build.0 = Release|Any CPU
		{F7DF557C-540F-4FE6-B4FD-4D85C3406C2D}.Debug|Any CPU.ActiveCfg = Debug|Any CPU
		{F7DF557C-540F-4FE6-B4FD-4D85C3406C2D}.Debug|Any CPU.Build.0 = Debug|Any CPU
		{F7DF557C-540F-4FE6-B4FD-4D85C3406C2D}.Release|Any CPU.ActiveCfg = Release|Any CPU
		{F7DF557C-540F-4FE6-B4FD-4D85C3406C2D}.Release|Any CPU.Build.0 = Release|Any CPU
	EndGlobalSection
	GlobalSection(SolutionProperties) = preSolution
		HideSolutionNode = FALSE
	EndGlobalSection
	GlobalSection(ExtensibilityGlobals) = postSolution
		SolutionGuid = {0F27918B-4953-451B-8BA6-54FD747B3380}
	EndGlobalSection
EndGlobal
